PODS:
  - Realm (10.20.1):
    - Realm/Headers (= 10.20.1)
  - Realm/Headers (10.20.1)
  - RealmSwift (10.20.1):
    - Realm (= 10.20.1)
  - SnapKit (5.0.1)
  - Then (2.7.0)

DEPENDENCIES:
  - RealmSwift
  - SnapKit
  - Then

SPEC REPOS:
  trunk:
    - Realm
    - RealmSwift
    - SnapKit
    - Then

SPEC CHECKSUMS:
  Realm: fac5ecd031fcb81171627b74944c885662d4b266
  RealmSwift: 9b02d25acb46a14756bde9893abb99e2e3675923
  SnapKit: 97b92857e3df3a0c71833cce143274bf6ef8e5eb
  Then: acfe0be7e98221c6204e12f8161459606d5d822d

PODFILE CHECKSUM: 705cb86944c029c3983dce9f3436b690cf027503

COCOAPODS: 1.11.2
